<?xml version="1.0" encoding="utf-8"?>
<Project ToolsVersion="14.0" xmlns="http://schemas.microsoft.com/developer/msbuild/2003">
  <ItemGroup>
    <Filter Include="Header Files">
      <UniqueIdentifier>{B21A10E9-2DE4-4BBE-8D88-FC1C627DBFD7}</UniqueIdentifier>
    </Filter>
  </ItemGroup>
  <ItemGroup>
    <Filter Include="Header Files\include_MyProt_Simulation">
      <UniqueIdentifier>{F179C175-6BCD-4921-AB4D-A8204F9FEA41}</UniqueIdentifier>
    </Filter>
  </ItemGroup>
  <ItemGroup>
    <Filter Include="Source Files">
      <UniqueIdentifier>{E5F2C6B2-BBC6-4487-A135-8C0B5B5CA599}</UniqueIdentifier>
    </Filter>
  </ItemGroup>
  <ItemGroup>
    <Filter Include="Source Files\src">
      <UniqueIdentifier>{5EC0ED0C-7A80-480D-86A3-9F938813F86D}</UniqueIdentifier>
    </Filter>
  </ItemGroup>
  <ItemGroup>
  </ItemGroup>
  <ItemGroup>
  </ItemGroup>
</Project>
